
Microsoft Visual Studio Solution File, Format Version 12.00
# Visual Studio Version 16
VisualStudioVersion = 16.0.31205.134
MinimumVisualStudioVersion = 10.0.40219.1
Project("{FAE04EC0-301F-11D3-BF4B-00C04F79EFBC}") = "DogsAndPeoples", "DogsAndPeoples\DogsAndPeoples.csproj", "{B6CDBF6F-9104-40CC-B558-DC316DD3F4AE}"
EndProject
Project("{2150E333-8FDC-42A3-9474-1A3956D46DE8}") = "Artefato Entrega", "Artefato Entrega", "{7FF2F748-7C56-4120-BF19-0E491B1C9940}"
EndProject
Global
	GlobalSection(SolutionConfigurationPlatforms) = preSolution
		Debug|Any CPU = Debug|Any CPU
		Release|Any CPU = Release|Any CPU
	EndGlobalSection
	GlobalSection(ProjectConfigurationPlatforms) = postSolution
		{B6CDBF6F-9104-40CC-B558-DC316DD3F4AE}.Debug|Any CPU.ActiveCfg = Debug|Any CPU
		{B6CDBF6F-9104-40CC-B558-DC316DD3F4AE}.Debug|Any CPU.Build.0 = Debug|Any CPU
		{B6CDBF6F-9104-40CC-B558-DC316DD3F4AE}.Release|Any CPU.ActiveCfg = Release|Any CPU
		{B6CDBF6F-9104-40CC-B558-DC316DD3F4AE}.Release|Any CPU.Build.0 = Release|Any CPU
	EndGlobalSection
	GlobalSection(SolutionProperties) = preSolution
		HideSolutionNode = FALSE
	EndGlobalSection
	GlobalSection(ExtensibilityGlobals) = postSolution
		SolutionGuid = {A35E9BCA-50C1-4E47-BD56-CEE85D6ACE7D}
	EndGlobalSection
EndGlobal
